
Microsoft Visual Studio Solution File, Format Version 12.00
# Visual Studio Version 16
VisualStudioVersion = 16.0.29911.84
MinimumVisualStudioVersion = 10.0.40219.1
Project("{FAE04EC0-301F-11D3-BF4B-00C04F79EFBC}") = "ProyectoInmobiliaria", "ProyectoInmobiliaria.csproj", "{363167F1-8E9A-4FFD-8C76-64CBD18A969C}"
EndProject
Global
	GlobalSection(SolutionConfigurationPlatforms) = preSolution
		Debug|Any CPU = Debug|Any CPU
		Release|Any CPU = Release|Any CPU
	EndGlobalSection
	GlobalSection(ProjectConfigurationPlatforms) = postSolution
		{363167F1-8E9A-4FFD-8C76-64CBD18A969C}.Debug|Any CPU.ActiveCfg = Debug|Any CPU
		{363167F1-8E9A-4FFD-8C76-64CBD18A969C}.Debug|Any CPU.Build.0 = Debug|Any CPU
		{363167F1-8E9A-4FFD-8C76-64CBD18A969C}.Release|Any CPU.ActiveCfg = Release|Any CPU
		{363167F1-8E9A-4FFD-8C76-64CBD18A969C}.Release|Any CPU.Build.0 = Release|Any CPU
	EndGlobalSection
	GlobalSection(SolutionProperties) = preSolution
		HideSolutionNode = FALSE
	EndGlobalSection
	GlobalSection(ExtensibilityGlobals) = postSolution
		SolutionGuid = {C428B518-CA20-4A07-B47E-D5D311A6F8EF}
	EndGlobalSection
EndGlobal
